// !$*UTF8*$!
{
	archiveVersion = 1;
	classes = {
	};
	objectVersion = 56;
	objects = {

/* Begin PBXBuildFile section */
		5B95A5A92AD5A572007EBF0C /* APIKeys.swift in Sources */ = {isa = PBXBuildFile; fileRef = 5B95A5A82AD5A572007EBF0C /* APIKeys.swift */; };
		5B95A5AB2AD5A696007EBF0C /* URLSessionProvider.swift in Sources */ = {isa = PBXBuildFile; fileRef = 5B95A5AA2AD5A696007EBF0C /* URLSessionProvider.swift */; };
		5B95A5AD2AD5A6E0007EBF0C /* APIError.swift in Sources */ = {isa = PBXBuildFile; fileRef = 5B95A5AC2AD5A6E0007EBF0C /* APIError.swift */; };
		5BCAA9482AD6502C0083AEC6 /* RxCocoa in Frameworks */ = {isa = PBXBuildFile; productRef = 5BCAA9472AD6502C0083AEC6 /* RxCocoa */; };
		5BCAA94A2AD6502C0083AEC6 /* RxSwift in Frameworks */ = {isa = PBXBuildFile; productRef = 5BCAA9492AD6502C0083AEC6 /* RxSwift */; };
		5BCAA94D2AD6584C0083AEC6 /* WeatherRepository.swift in Sources */ = {isa = PBXBuildFile; fileRef = 5BCAA94C2AD6584C0083AEC6 /* WeatherRepository.swift */; };
		5BCAA9502AD6591E0083AEC6 /* ForecastResult.swift in Sources */ = {isa = PBXBuildFile; fileRef = 5BCAA94F2AD6591E0083AEC6 /* ForecastResult.swift */; };
		5BCAA9532AD65FEF0083AEC6 /* WeatherViewModel.swift in Sources */ = {isa = PBXBuildFile; fileRef = 5BCAA9522AD65FEF0083AEC6 /* WeatherViewModel.swift */; };
		5BCAA9552AD68F6A0083AEC6 /* TodayWeatherView.swift in Sources */ = {isa = PBXBuildFile; fileRef = 5BCAA9542AD68F6A0083AEC6 /* TodayWeatherView.swift */; };
		5BCAA9572AD691F70083AEC6 /* HourlyWeatherCollectionViewCell.swift in Sources */ = {isa = PBXBuildFile; fileRef = 5BCAA9562AD691F70083AEC6 /* HourlyWeatherCollectionViewCell.swift */; };
		5BCAA95B2AD6921B0083AEC6 /* ReuseIdentifiable.swift in Sources */ = {isa = PBXBuildFile; fileRef = 5BCAA95A2AD6921B0083AEC6 /* ReuseIdentifiable.swift */; };
		5BCAA95D2AD6B8F30083AEC6 /* WeeklyWeatherTableViewCell.swift in Sources */ = {isa = PBXBuildFile; fileRef = 5BCAA95C2AD6B8F30083AEC6 /* WeeklyWeatherTableViewCell.swift */; };
		5BCAA95F2AD6BFE00083AEC6 /* DetailWeatherTableViewCell.swift in Sources */ = {isa = PBXBuildFile; fileRef = 5BCAA95E2AD6BFE00083AEC6 /* DetailWeatherTableViewCell.swift */; };
		5BCAA9622AD6C6910083AEC6 /* WeeklyWeatherDTO.swift in Sources */ = {isa = PBXBuildFile; fileRef = 5BCAA9612AD6C6910083AEC6 /* WeeklyWeatherDTO.swift */; };
		5BCAA9642AD6C8AA0083AEC6 /* DetailWeatherDTO.swift in Sources */ = {isa = PBXBuildFile; fileRef = 5BCAA9632AD6C8AA0083AEC6 /* DetailWeatherDTO.swift */; };
		5BCAA9662AD6CA160083AEC6 /* HourlyWeatherViewController.swift in Sources */ = {isa = PBXBuildFile; fileRef = 5BCAA9652AD6CA160083AEC6 /* HourlyWeatherViewController.swift */; };
		5BCAA9682AD6CC910083AEC6 /* HourlyWeatherDTO.swift in Sources */ = {isa = PBXBuildFile; fileRef = 5BCAA9672AD6CC910083AEC6 /* HourlyWeatherDTO.swift */; };
		5BCAA96C2AD6D24D0083AEC6 /* DetailWeatherViewController.swift in Sources */ = {isa = PBXBuildFile; fileRef = 5BCAA96B2AD6D24D0083AEC6 /* DetailWeatherViewController.swift */; };
		5BCAA96E2AD7E11B0083AEC6 /* DayOfWeekView.swift in Sources */ = {isa = PBXBuildFile; fileRef = 5BCAA96D2AD7E11B0083AEC6 /* DayOfWeekView.swift */; };
		5BCAA9702AD7E5BD0083AEC6 /* WeatherView.swift in Sources */ = {isa = PBXBuildFile; fileRef = 5BCAA96F2AD7E5BD0083AEC6 /* WeatherView.swift */; };
		5BCAA9722AD7F92F0083AEC6 /* TodayWeatherDTO.swift in Sources */ = {isa = PBXBuildFile; fileRef = 5BCAA9712AD7F92F0083AEC6 /* TodayWeatherDTO.swift */; };
		5BCAA9762ADA71E10083AEC6 /* WeatherViewControllerUseCase.swift in Sources */ = {isa = PBXBuildFile; fileRef = 5BCAA9752ADA71E10083AEC6 /* WeatherViewControllerUseCase.swift */; };
		5BCAA9782ADA78DB0083AEC6 /* DateConverter.swift in Sources */ = {isa = PBXBuildFile; fileRef = 5BCAA9772ADA78DB0083AEC6 /* DateConverter.swift */; };
		5BCAA97A2ADBB4910083AEC6 /* PageViewController.swift in Sources */ = {isa = PBXBuildFile; fileRef = 5BCAA9792ADBB4910083AEC6 /* PageViewController.swift */; };
		5BCAA97C2ADC0D480083AEC6 /* SearchViewController.swift in Sources */ = {isa = PBXBuildFile; fileRef = 5BCAA97B2ADC0D480083AEC6 /* SearchViewController.swift */; };
		5BCAA97E2ADC12560083AEC6 /* SearchCollectionViewCell.swift in Sources */ = {isa = PBXBuildFile; fileRef = 5BCAA97D2ADC12560083AEC6 /* SearchCollectionViewCell.swift */; };
		5BD9FD7A2AD4235C00EE70B7 /* AppDelegate.swift in Sources */ = {isa = PBXBuildFile; fileRef = 5BD9FD792AD4235C00EE70B7 /* AppDelegate.swift */; };
		5BD9FD7C2AD4235C00EE70B7 /* SceneDelegate.swift in Sources */ = {isa = PBXBuildFile; fileRef = 5BD9FD7B2AD4235C00EE70B7 /* SceneDelegate.swift */; };
		5BD9FD7E2AD4235C00EE70B7 /* WeatherViewController.swift in Sources */ = {isa = PBXBuildFile; fileRef = 5BD9FD7D2AD4235C00EE70B7 /* WeatherViewController.swift */; };
		5BD9FD832AD4235E00EE70B7 /* Assets.xcassets in Resources */ = {isa = PBXBuildFile; fileRef = 5BD9FD822AD4235E00EE70B7 /* Assets.xcassets */; };
		5BD9FD862AD4235E00EE70B7 /* LaunchScreen.storyboard in Resources */ = {isa = PBXBuildFile; fileRef = 5BD9FD842AD4235E00EE70B7 /* LaunchScreen.storyboard */; };
		5BD9FD932AD4246900EE70B7 /* EndPoint.swift in Sources */ = {isa = PBXBuildFile; fileRef = 5BD9FD922AD4246900EE70B7 /* EndPoint.swift */; };
/* End PBXBuildFile section */

/* Begin PBXFileReference section */
		5B95A5A82AD5A572007EBF0C /* APIKeys.swift */ = {isa = PBXFileReference; lastKnownFileType = sourcecode.swift; path = APIKeys.swift; sourceTree = "<group>"; };
		5B95A5AA2AD5A696007EBF0C /* URLSessionProvider.swift */ = {isa = PBXFileReference; lastKnownFileType = sourcecode.swift; path = URLSessionProvider.swift; sourceTree = "<group>"; };
		5B95A5AC2AD5A6E0007EBF0C /* APIError.swift */ = {isa = PBXFileReference; lastKnownFileType = sourcecode.swift; path = APIError.swift; sourceTree = "<group>"; };
		5BCAA94C2AD6584C0083AEC6 /* WeatherRepository.swift */ = {isa = PBXFileReference; lastKnownFileType = sourcecode.swift; path = WeatherRepository.swift; sourceTree = "<group>"; };
		5BCAA94F2AD6591E0083AEC6 /* ForecastResult.swift */ = {isa = PBXFileReference; lastKnownFileType = sourcecode.swift; path = ForecastResult.swift; sourceTree = "<group>"; };
		5BCAA9522AD65FEF0083AEC6 /* WeatherViewModel.swift */ = {isa = PBXFileReference; lastKnownFileType = sourcecode.swift; path = WeatherViewModel.swift; sourceTree = "<group>"; };
		5BCAA9542AD68F6A0083AEC6 /* TodayWeatherView.swift */ = {isa = PBXFileReference; lastKnownFileType = sourcecode.swift; path = TodayWeatherView.swift; sourceTree = "<group>"; };
		5BCAA9562AD691F70083AEC6 /* HourlyWeatherCollectionViewCell.swift */ = {isa = PBXFileReference; lastKnownFileType = sourcecode.swift; path = HourlyWeatherCollectionViewCell.swift; sourceTree = "<group>"; };
		5BCAA95A2AD6921B0083AEC6 /* ReuseIdentifiable.swift */ = {isa = PBXFileReference; lastKnownFileType = sourcecode.swift; path = ReuseIdentifiable.swift; sourceTree = "<group>"; };
		5BCAA95C2AD6B8F30083AEC6 /* WeeklyWeatherTableViewCell.swift */ = {isa = PBXFileReference; lastKnownFileType = sourcecode.swift; path = WeeklyWeatherTableViewCell.swift; sourceTree = "<group>"; };
		5BCAA95E2AD6BFE00083AEC6 /* DetailWeatherTableViewCell.swift */ = {isa = PBXFileReference; lastKnownFileType = sourcecode.swift; path = DetailWeatherTableViewCell.swift; sourceTree = "<group>"; };
		5BCAA9612AD6C6910083AEC6 /* WeeklyWeatherDTO.swift */ = {isa = PBXFileReference; lastKnownFileType = sourcecode.swift; path = WeeklyWeatherDTO.swift; sourceTree = "<group>"; };
		5BCAA9632AD6C8AA0083AEC6 /* DetailWeatherDTO.swift */ = {isa = PBXFileReference; lastKnownFileType = sourcecode.swift; path = DetailWeatherDTO.swift; sourceTree = "<group>"; };
		5BCAA9652AD6CA160083AEC6 /* HourlyWeatherViewController.swift */ = {isa = PBXFileReference; lastKnownFileType = sourcecode.swift; path = HourlyWeatherViewController.swift; sourceTree = "<group>"; };
		5BCAA9672AD6CC910083AEC6 /* HourlyWeatherDTO.swift */ = {isa = PBXFileReference; lastKnownFileType = sourcecode.swift; path = HourlyWeatherDTO.swift; sourceTree = "<group>"; };
		5BCAA96B2AD6D24D0083AEC6 /* DetailWeatherViewController.swift */ = {isa = PBXFileReference; lastKnownFileType = sourcecode.swift; path = DetailWeatherViewController.swift; sourceTree = "<group>"; };
		5BCAA96D2AD7E11B0083AEC6 /* DayOfWeekView.swift */ = {isa = PBXFileReference; lastKnownFileType = sourcecode.swift; path = DayOfWeekView.swift; sourceTree = "<group>"; };
		5BCAA96F2AD7E5BD0083AEC6 /* WeatherView.swift */ = {isa = PBXFileReference; lastKnownFileType = sourcecode.swift; path = WeatherView.swift; sourceTree = "<group>"; };
		5BCAA9712AD7F92F0083AEC6 /* TodayWeatherDTO.swift */ = {isa = PBXFileReference; lastKnownFileType = sourcecode.swift; path = TodayWeatherDTO.swift; sourceTree = "<group>"; };
		5BCAA9752ADA71E10083AEC6 /* WeatherViewControllerUseCase.swift */ = {isa = PBXFileReference; lastKnownFileType = sourcecode.swift; path = WeatherViewControllerUseCase.swift; sourceTree = "<group>"; };
		5BCAA9772ADA78DB0083AEC6 /* DateConverter.swift */ = {isa = PBXFileReference; lastKnownFileType = sourcecode.swift; path = DateConverter.swift; sourceTree = "<group>"; };
		5BCAA9792ADBB4910083AEC6 /* PageViewController.swift */ = {isa = PBXFileReference; lastKnownFileType = sourcecode.swift; path = PageViewController.swift; sourceTree = "<group>"; };
		5BCAA97B2ADC0D480083AEC6 /* SearchViewController.swift */ = {isa = PBXFileReference; lastKnownFileType = sourcecode.swift; path = SearchViewController.swift; sourceTree = "<group>"; };
		5BCAA97D2ADC12560083AEC6 /* SearchCollectionViewCell.swift */ = {isa = PBXFileReference; lastKnownFileType = sourcecode.swift; path = SearchCollectionViewCell.swift; sourceTree = "<group>"; };
		5BD9FD762AD4235C00EE70B7 /* Weather.app */ = {isa = PBXFileReference; explicitFileType = wrapper.application; includeInIndex = 0; path = Weather.app; sourceTree = BUILT_PRODUCTS_DIR; };
		5BD9FD792AD4235C00EE70B7 /* AppDelegate.swift */ = {isa = PBXFileReference; lastKnownFileType = sourcecode.swift; path = AppDelegate.swift; sourceTree = "<group>"; };
		5BD9FD7B2AD4235C00EE70B7 /* SceneDelegate.swift */ = {isa = PBXFileReference; lastKnownFileType = sourcecode.swift; path = SceneDelegate.swift; sourceTree = "<group>"; };
		5BD9FD7D2AD4235C00EE70B7 /* WeatherViewController.swift */ = {isa = PBXFileReference; lastKnownFileType = sourcecode.swift; path = WeatherViewController.swift; sourceTree = "<group>"; };
		5BD9FD822AD4235E00EE70B7 /* Assets.xcassets */ = {isa = PBXFileReference; lastKnownFileType = folder.assetcatalog; path = Assets.xcassets; sourceTree = "<group>"; };
		5BD9FD852AD4235E00EE70B7 /* Base */ = {isa = PBXFileReference; lastKnownFileType = file.storyboard; name = Base; path = Base.lproj/LaunchScreen.storyboard; sourceTree = "<group>"; };
		5BD9FD872AD4235E00EE70B7 /* Info.plist */ = {isa = PBXFileReference; lastKnownFileType = text.plist.xml; path = Info.plist; sourceTree = "<group>"; };
		5BD9FD922AD4246900EE70B7 /* EndPoint.swift */ = {isa = PBXFileReference; lastKnownFileType = sourcecode.swift; path = EndPoint.swift; sourceTree = "<group>"; };
/* End PBXFileReference section */

/* Begin PBXFrameworksBuildPhase section */
		5BD9FD732AD4235C00EE70B7 /* Frameworks */ = {
			isa = PBXFrameworksBuildPhase;
			buildActionMask = 2147483647;
			files = (
				5BCAA94A2AD6502C0083AEC6 /* RxSwift in Frameworks */,
				5BCAA9482AD6502C0083AEC6 /* RxCocoa in Frameworks */,
			);
			runOnlyForDeploymentPostprocessing = 0;
		};
/* End PBXFrameworksBuildPhase section */

/* Begin PBXGroup section */
		5BCAA94B2AD6583A0083AEC6 /* Repository */ = {
			isa = PBXGroup;
			children = (
				5BCAA94C2AD6584C0083AEC6 /* WeatherRepository.swift */,
			);
			path = Repository;
			sourceTree = "<group>";
		};
		5BCAA94E2AD6590E0083AEC6 /* Model */ = {
			isa = PBXGroup;
			children = (
				5BCAA9602AD6C66F0083AEC6 /* DTO */,
				5BCAA94F2AD6591E0083AEC6 /* ForecastResult.swift */,
			);
			path = Model;
			sourceTree = "<group>";
		};
		5BCAA9512AD65FB50083AEC6 /* ViewModel */ = {
			isa = PBXGroup;
			children = (
				5BCAA9522AD65FEF0083AEC6 /* WeatherViewModel.swift */,
			);
			path = ViewModel;
			sourceTree = "<group>";
		};
		5BCAA9582AD692010083AEC6 /* Util */ = {
			isa = PBXGroup;
			children = (
				5BCAA9592AD692080083AEC6 /* protocol */,
				5BCAA9772ADA78DB0083AEC6 /* DateConverter.swift */,
			);
			path = Util;
			sourceTree = "<group>";
		};
		5BCAA9592AD692080083AEC6 /* protocol */ = {
			isa = PBXGroup;
			children = (
				5BCAA95A2AD6921B0083AEC6 /* ReuseIdentifiable.swift */,
			);
			path = protocol;
			sourceTree = "<group>";
		};
		5BCAA9602AD6C66F0083AEC6 /* DTO */ = {
			isa = PBXGroup;
			children = (
				5BCAA9612AD6C6910083AEC6 /* WeeklyWeatherDTO.swift */,
				5BCAA9632AD6C8AA0083AEC6 /* DetailWeatherDTO.swift */,
				5BCAA9672AD6CC910083AEC6 /* HourlyWeatherDTO.swift */,
				5BCAA9712AD7F92F0083AEC6 /* TodayWeatherDTO.swift */,
			);
			path = DTO;
			sourceTree = "<group>";
		};
		5BCAA9742ADA71C00083AEC6 /* UseCase */ = {
			isa = PBXGroup;
			children = (
				5BCAA9752ADA71E10083AEC6 /* WeatherViewControllerUseCase.swift */,
			);
			path = UseCase;
			sourceTree = "<group>";
		};
		5BD9FD6D2AD4235C00EE70B7 = {
			isa = PBXGroup;
			children = (
				5BD9FD782AD4235C00EE70B7 /* Weather */,
				5BD9FD772AD4235C00EE70B7 /* Products */,
			);
			sourceTree = "<group>";
		};
		5BD9FD772AD4235C00EE70B7 /* Products */ = {
			isa = PBXGroup;
			children = (
				5BD9FD762AD4235C00EE70B7 /* Weather.app */,
			);
			name = Products;
			sourceTree = "<group>";
		};
		5BD9FD782AD4235C00EE70B7 /* Weather */ = {
			isa = PBXGroup;
			children = (
				5BD9FD872AD4235E00EE70B7 /* Info.plist */,
				5BCAA9742ADA71C00083AEC6 /* UseCase */,
				5BCAA9582AD692010083AEC6 /* Util */,
				5BCAA9512AD65FB50083AEC6 /* ViewModel */,
				5BCAA94E2AD6590E0083AEC6 /* Model */,
				5BCAA94B2AD6583A0083AEC6 /* Repository */,
				5BD9FD8F2AD423AD00EE70B7 /* Resource */,
				5BD9FD902AD423AF00EE70B7 /* View */,
				5BD9FD912AD4245A00EE70B7 /* Networking */,
				5BD9FD8E2AD423AB00EE70B7 /* Controller */,
				5BD9FD8D2AD423A800EE70B7 /* App */,
			);
			path = Weather;
			sourceTree = "<group>";
		};
		5BD9FD8D2AD423A800EE70B7 /* App */ = {
			isa = PBXGroup;
			children = (
				5BD9FD792AD4235C00EE70B7 /* AppDelegate.swift */,
				5BD9FD7B2AD4235C00EE70B7 /* SceneDelegate.swift */,
			);
			path = App;
			sourceTree = "<group>";
		};
		5BD9FD8E2AD423AB00EE70B7 /* Controller */ = {
			isa = PBXGroup;
			children = (
				5BCAA9792ADBB4910083AEC6 /* PageViewController.swift */,
				5BCAA97B2ADC0D480083AEC6 /* SearchViewController.swift */,
				5BD9FD7D2AD4235C00EE70B7 /* WeatherViewController.swift */,
				5BCAA9652AD6CA160083AEC6 /* HourlyWeatherViewController.swift */,
				5BCAA96B2AD6D24D0083AEC6 /* DetailWeatherViewController.swift */,
			);
			path = Controller;
			sourceTree = "<group>";
		};
		5BD9FD8F2AD423AD00EE70B7 /* Resource */ = {
			isa = PBXGroup;
			children = (
				5BD9FD822AD4235E00EE70B7 /* Assets.xcassets */,
			);
			path = Resource;
			sourceTree = "<group>";
		};
		5BD9FD902AD423AF00EE70B7 /* View */ = {
			isa = PBXGroup;
			children = (
				5BD9FD842AD4235E00EE70B7 /* LaunchScreen.storyboard */,
				5BCAA9542AD68F6A0083AEC6 /* TodayWeatherView.swift */,
				5BCAA9562AD691F70083AEC6 /* HourlyWeatherCollectionViewCell.swift */,
				5BCAA95C2AD6B8F30083AEC6 /* WeeklyWeatherTableViewCell.swift */,
				5BCAA95E2AD6BFE00083AEC6 /* DetailWeatherTableViewCell.swift */,
				5BCAA97D2ADC12560083AEC6 /* SearchCollectionViewCell.swift */,
				5BCAA96D2AD7E11B0083AEC6 /* DayOfWeekView.swift */,
				5BCAA96F2AD7E5BD0083AEC6 /* WeatherView.swift */,
			);
			path = View;
			sourceTree = "<group>";
		};
		5BD9FD912AD4245A00EE70B7 /* Networking */ = {
			isa = PBXGroup;
			children = (
				5BD9FD922AD4246900EE70B7 /* EndPoint.swift */,
				5B95A5A82AD5A572007EBF0C /* APIKeys.swift */,
				5B95A5AA2AD5A696007EBF0C /* URLSessionProvider.swift */,
				5B95A5AC2AD5A6E0007EBF0C /* APIError.swift */,
			);
			path = Networking;
			sourceTree = "<group>";
		};
/* End PBXGroup section */

/* Begin PBXNativeTarget section */
		5BD9FD752AD4235C00EE70B7 /* Weather */ = {
			isa = PBXNativeTarget;
			buildConfigurationList = 5BD9FD8A2AD4235E00EE70B7 /* Build configuration list for PBXNativeTarget "Weather" */;
			buildPhases = (
				5BD9FD722AD4235C00EE70B7 /* Sources */,
				5BD9FD732AD4235C00EE70B7 /* Frameworks */,
				5BD9FD742AD4235C00EE70B7 /* Resources */,
			);
			buildRules = (
			);
			dependencies = (
			);
			name = Weather;
			packageProductDependencies = (
				5BCAA9472AD6502C0083AEC6 /* RxCocoa */,
				5BCAA9492AD6502C0083AEC6 /* RxSwift */,
			);
			productName = Weather;
			productReference = 5BD9FD762AD4235C00EE70B7 /* Weather.app */;
			productType = "com.apple.product-type.application";
		};
/* End PBXNativeTarget section */

/* Begin PBXProject section */
		5BD9FD6E2AD4235C00EE70B7 /* Project object */ = {
			isa = PBXProject;
			attributes = {
				BuildIndependentTargetsInParallel = 1;
				LastSwiftUpdateCheck = 1430;
				LastUpgradeCheck = 1430;
				TargetAttributes = {
					5BD9FD752AD4235C00EE70B7 = {
						CreatedOnToolsVersion = 14.3.1;
					};
				};
			};
			buildConfigurationList = 5BD9FD712AD4235C00EE70B7 /* Build configuration list for PBXProject "Weather" */;
			compatibilityVersion = "Xcode 14.0";
			developmentRegion = en;
			hasScannedForEncodings = 0;
			knownRegions = (
				en,
				Base,
			);
			mainGroup = 5BD9FD6D2AD4235C00EE70B7;
			packageReferences = (
				5BCAA9462AD6502C0083AEC6 /* XCRemoteSwiftPackageReference "RxSwift" */,
			);
			productRefGroup = 5BD9FD772AD4235C00EE70B7 /* Products */;
			projectDirPath = "";
			projectRoot = "";
			targets = (
				5BD9FD752AD4235C00EE70B7 /* Weather */,
			);
		};
/* End PBXProject section */

/* Begin PBXResourcesBuildPhase section */
		5BD9FD742AD4235C00EE70B7 /* Resources */ = {
			isa = PBXResourcesBuildPhase;
			buildActionMask = 2147483647;
			files = (
				5BD9FD862AD4235E00EE70B7 /* LaunchScreen.storyboard in Resources */,
				5BD9FD832AD4235E00EE70B7 /* Assets.xcassets in Resources */,
			);
			runOnlyForDeploymentPostprocessing = 0;
		};
/* End PBXResourcesBuildPhase section */

/* Begin PBXSourcesBuildPhase section */
		5BD9FD722AD4235C00EE70B7 /* Sources */ = {
			isa = PBXSourcesBuildPhase;
			buildActionMask = 2147483647;
			files = (
				5BCAA9572AD691F70083AEC6 /* HourlyWeatherCollectionViewCell.swift in Sources */,
				5BCAA9682AD6CC910083AEC6 /* HourlyWeatherDTO.swift in Sources */,
				5BCAA9552AD68F6A0083AEC6 /* TodayWeatherView.swift in Sources */,
				5BCAA9662AD6CA160083AEC6 /* HourlyWeatherViewController.swift in Sources */,
				5BCAA9642AD6C8AA0083AEC6 /* DetailWeatherDTO.swift in Sources */,
				5B95A5A92AD5A572007EBF0C /* APIKeys.swift in Sources */,
				5BCAA96C2AD6D24D0083AEC6 /* DetailWeatherViewController.swift in Sources */,
				5BD9FD7E2AD4235C00EE70B7 /* WeatherViewController.swift in Sources */,
				5BCAA95D2AD6B8F30083AEC6 /* WeeklyWeatherTableViewCell.swift in Sources */,
				5BCAA94D2AD6584C0083AEC6 /* WeatherRepository.swift in Sources */,
				5BCAA95F2AD6BFE00083AEC6 /* DetailWeatherTableViewCell.swift in Sources */,
				5BCAA9702AD7E5BD0083AEC6 /* WeatherView.swift in Sources */,
				5BCAA9722AD7F92F0083AEC6 /* TodayWeatherDTO.swift in Sources */,
				5BD9FD7A2AD4235C00EE70B7 /* AppDelegate.swift in Sources */,
				5BCAA9782ADA78DB0083AEC6 /* DateConverter.swift in Sources */,
				5BCAA95B2AD6921B0083AEC6 /* ReuseIdentifiable.swift in Sources */,
				5BCAA96E2AD7E11B0083AEC6 /* DayOfWeekView.swift in Sources */,
				5BCAA9762ADA71E10083AEC6 /* WeatherViewControllerUseCase.swift in Sources */,
				5BCAA9622AD6C6910083AEC6 /* WeeklyWeatherDTO.swift in Sources */,
				5BCAA9502AD6591E0083AEC6 /* ForecastResult.swift in Sources */,
				5BCAA9532AD65FEF0083AEC6 /* WeatherViewModel.swift in Sources */,
				5B95A5AB2AD5A696007EBF0C /* URLSessionProvider.swift in Sources */,
				5BD9FD932AD4246900EE70B7 /* EndPoint.swift in Sources */,
				5BCAA97A2ADBB4910083AEC6 /* PageViewController.swift in Sources */,
				5BD9FD7C2AD4235C00EE70B7 /* SceneDelegate.swift in Sources */,
				5B95A5AD2AD5A6E0007EBF0C /* APIError.swift in Sources */,
				5BCAA97E2ADC12560083AEC6 /* SearchCollectionViewCell.swift in Sources */,
				5BCAA97C2ADC0D480083AEC6 /* SearchViewController.swift in Sources */,
			);
			runOnlyForDeploymentPostprocessing = 0;
		};
/* End PBXSourcesBuildPhase section */

/* Begin PBXVariantGroup section */
		5BD9FD842AD4235E00EE70B7 /* LaunchScreen.storyboard */ = {
			isa = PBXVariantGroup;
			children = (
				5BD9FD852AD4235E00EE70B7 /* Base */,
			);
			name = LaunchScreen.storyboard;
			sourceTree = "<group>";
		};
/* End PBXVariantGroup section */

/* Begin XCBuildConfiguration section */
		5BD9FD882AD4235E00EE70B7 /* Debug */ = {
			isa = XCBuildConfiguration;
			buildSettings = {
				ALWAYS_SEARCH_USER_PATHS = NO;
				CLANG_ANALYZER_NONNULL = YES;
				CLANG_ANALYZER_NUMBER_OBJECT_CONVERSION = YES_AGGRESSIVE;
				CLANG_CXX_LANGUAGE_STANDARD = "gnu++20";
				CLANG_ENABLE_MODULES = YES;
				CLANG_ENABLE_OBJC_ARC = YES;
				CLANG_ENABLE_OBJC_WEAK = YES;
				CLANG_WARN_BLOCK_CAPTURE_AUTORELEASING = YES;
				CLANG_WARN_BOOL_CONVERSION = YES;
				CLANG_WARN_COMMA = YES;
				CLANG_WARN_CONSTANT_CONVERSION = YES;
				CLANG_WARN_DEPRECATED_OBJC_IMPLEMENTATIONS = YES;
				CLANG_WARN_DIRECT_OBJC_ISA_USAGE = YES_ERROR;
				CLANG_WARN_DOCUMENTATION_COMMENTS = YES;
				CLANG_WARN_EMPTY_BODY = YES;
				CLANG_WARN_ENUM_CONVERSION = YES;
				CLANG_WARN_INFINITE_RECURSION = YES;
				CLANG_WARN_INT_CONVERSION = YES;
				CLANG_WARN_NON_LITERAL_NULL_CONVERSION = YES;
				CLANG_WARN_OBJC_IMPLICIT_RETAIN_SELF = YES;
				CLANG_WARN_OBJC_LITERAL_CONVERSION = YES;
				CLANG_WARN_OBJC_ROOT_CLASS = YES_ERROR;
				CLANG_WARN_QUOTED_INCLUDE_IN_FRAMEWORK_HEADER = YES;
				CLANG_WARN_RANGE_LOOP_ANALYSIS = YES;
				CLANG_WARN_STRICT_PROTOTYPES = YES;
				CLANG_WARN_SUSPICIOUS_MOVE = YES;
				CLANG_WARN_UNGUARDED_AVAILABILITY = YES_AGGRESSIVE;
				CLANG_WARN_UNREACHABLE_CODE = YES;
				CLANG_WARN__DUPLICATE_METHOD_MATCH = YES;
				COPY_PHASE_STRIP = NO;
				DEBUG_INFORMATION_FORMAT = dwarf;
				ENABLE_STRICT_OBJC_MSGSEND = YES;
				ENABLE_TESTABILITY = YES;
				GCC_C_LANGUAGE_STANDARD = gnu11;
				GCC_DYNAMIC_NO_PIC = NO;
				GCC_NO_COMMON_BLOCKS = YES;
				GCC_OPTIMIZATION_LEVEL = 0;
				GCC_PREPROCESSOR_DEFINITIONS = (
					"DEBUG=1",
					"$(inherited)",
				);
				GCC_WARN_64_TO_32_BIT_CONVERSION = YES;
				GCC_WARN_ABOUT_RETURN_TYPE = YES_ERROR;
				GCC_WARN_UNDECLARED_SELECTOR = YES;
				GCC_WARN_UNINITIALIZED_AUTOS = YES_AGGRESSIVE;
				GCC_WARN_UNUSED_FUNCTION = YES;
				GCC_WARN_UNUSED_VARIABLE = YES;
				IPHONEOS_DEPLOYMENT_TARGET = 16.4;
				MTL_ENABLE_DEBUG_INFO = INCLUDE_SOURCE;
				MTL_FAST_MATH = YES;
				ONLY_ACTIVE_ARCH = YES;
				SDKROOT = iphoneos;
				SWIFT_ACTIVE_COMPILATION_CONDITIONS = DEBUG;
				SWIFT_OPTIMIZATION_LEVEL = "-Onone";
			};
			name = Debug;
		};
		5BD9FD892AD4235E00EE70B7 /* Release */ = {
			isa = XCBuildConfiguration;
			buildSettings = {
				ALWAYS_SEARCH_USER_PATHS = NO;
				CLANG_ANALYZER_NONNULL = YES;
				CLANG_ANALYZER_NUMBER_OBJECT_CONVERSION = YES_AGGRESSIVE;
				CLANG_CXX_LANGUAGE_STANDARD = "gnu++20";
				CLANG_ENABLE_MODULES = YES;
				CLANG_ENABLE_OBJC_ARC = YES;
				CLANG_ENABLE_OBJC_WEAK = YES;
				CLANG_WARN_BLOCK_CAPTURE_AUTORELEASING = YES;
				CLANG_WARN_BOOL_CONVERSION = YES;
				CLANG_WARN_COMMA = YES;
				CLANG_WARN_CONSTANT_CONVERSION = YES;
				CLANG_WARN_DEPRECATED_OBJC_IMPLEMENTATIONS = YES;
				CLANG_WARN_DIRECT_OBJC_ISA_USAGE = YES_ERROR;
				CLANG_WARN_DOCUMENTATION_COMMENTS = YES;
				CLANG_WARN_EMPTY_BODY = YES;
				CLANG_WARN_ENUM_CONVERSION = YES;
				CLANG_WARN_INFINITE_RECURSION = YES;
				CLANG_WARN_INT_CONVERSION = YES;
				CLANG_WARN_NON_LITERAL_NULL_CONVERSION = YES;
				CLANG_WARN_OBJC_IMPLICIT_RETAIN_SELF = YES;
				CLANG_WARN_OBJC_LITERAL_CONVERSION = YES;
				CLANG_WARN_OBJC_ROOT_CLASS = YES_ERROR;
				CLANG_WARN_QUOTED_INCLUDE_IN_FRAMEWORK_HEADER = YES;
				CLANG_WARN_RANGE_LOOP_ANALYSIS = YES;
				CLANG_WARN_STRICT_PROTOTYPES = YES;
				CLANG_WARN_SUSPICIOUS_MOVE = YES;
				CLANG_WARN_UNGUARDED_AVAILABILITY = YES_AGGRESSIVE;
				CLANG_WARN_UNREACHABLE_CODE = YES;
				CLANG_WARN__DUPLICATE_METHOD_MATCH = YES;
				COPY_PHASE_STRIP = NO;
				DEBUG_INFORMATION_FORMAT = "dwarf-with-dsym";
				ENABLE_NS_ASSERTIONS = NO;
				ENABLE_STRICT_OBJC_MSGSEND = YES;
				GCC_C_LANGUAGE_STANDARD = gnu11;
				GCC_NO_COMMON_BLOCKS = YES;
				GCC_WARN_64_TO_32_BIT_CONVERSION = YES;
				GCC_WARN_ABOUT_RETURN_TYPE = YES_ERROR;
				GCC_WARN_UNDECLARED_SELECTOR = YES;
				GCC_WARN_UNINITIALIZED_AUTOS = YES_AGGRESSIVE;
				GCC_WARN_UNUSED_FUNCTION = YES;
				GCC_WARN_UNUSED_VARIABLE = YES;
				IPHONEOS_DEPLOYMENT_TARGET = 16.4;
				MTL_ENABLE_DEBUG_INFO = NO;
				MTL_FAST_MATH = YES;
				SDKROOT = iphoneos;
				SWIFT_COMPILATION_MODE = wholemodule;
				SWIFT_OPTIMIZATION_LEVEL = "-O";
				VALIDATE_PRODUCT = YES;
			};
			name = Release;
		};
		5BD9FD8B2AD4235E00EE70B7 /* Debug */ = {
			isa = XCBuildConfiguration;
			buildSettings = {
				ASSETCATALOG_COMPILER_APPICON_NAME = AppIcon;
				ASSETCATALOG_COMPILER_GLOBAL_ACCENT_COLOR_NAME = AccentColor;
				CODE_SIGN_STYLE = Automatic;
				CURRENT_PROJECT_VERSION = 1;
				DEVELOPMENT_TEAM = DZ2P89ZYBX;
				GENERATE_INFOPLIST_FILE = YES;
				INFOPLIST_FILE = Weather/Info.plist;
				INFOPLIST_KEY_UIApplicationSupportsIndirectInputEvents = YES;
				INFOPLIST_KEY_UILaunchStoryboardName = LaunchScreen;
				INFOPLIST_KEY_UISupportedInterfaceOrientations = UIInterfaceOrientationPortrait;
				INFOPLIST_KEY_UISupportedInterfaceOrientations_iPad = "UIInterfaceOrientationLandscapeLeft UIInterfaceOrientationLandscapeRight UIInterfaceOrientationPortrait UIInterfaceOrientationPortraitUpsideDown";
				LD_RUNPATH_SEARCH_PATHS = (
					"$(inherited)",
					"@executable_path/Frameworks",
				);
				MARKETING_VERSION = 1.0;
				PRODUCT_BUNDLE_IDENTIFIER = net.Zion.Weather;
				PRODUCT_NAME = "$(TARGET_NAME)";
				SWIFT_EMIT_LOC_STRINGS = YES;
				SWIFT_VERSION = 5.0;
				TARGETED_DEVICE_FAMILY = "1,2";
			};
			name = Debug;
		};
		5BD9FD8C2AD4235E00EE70B7 /* Release */ = {
			isa = XCBuildConfiguration;
			buildSettings = {
				ASSETCATALOG_COMPILER_APPICON_NAME = AppIcon;
				ASSETCATALOG_COMPILER_GLOBAL_ACCENT_COLOR_NAME = AccentColor;
				CODE_SIGN_STYLE = Automatic;
				CURRENT_PROJECT_VERSION = 1;
				DEVELOPMENT_TEAM = DZ2P89ZYBX;
				GENERATE_INFOPLIST_FILE = YES;
				INFOPLIST_FILE = Weather/Info.plist;
				INFOPLIST_KEY_UIApplicationSupportsIndirectInputEvents = YES;
				INFOPLIST_KEY_UILaunchStoryboardName = LaunchScreen;
				INFOPLIST_KEY_UISupportedInterfaceOrientations = UIInterfaceOrientationPortrait;
				INFOPLIST_KEY_UISupportedInterfaceOrientations_iPad = "UIInterfaceOrientationLandscapeLeft UIInterfaceOrientationLandscapeRight UIInterfaceOrientationPortrait UIInterfaceOrientationPortraitUpsideDown";
				LD_RUNPATH_SEARCH_PATHS = (
					"$(inherited)",
					"@executable_path/Frameworks",
				);
				MARKETING_VERSION = 1.0;
				PRODUCT_BUNDLE_IDENTIFIER = net.Zion.Weather;
				PRODUCT_NAME = "$(TARGET_NAME)";
				SWIFT_EMIT_LOC_STRINGS = YES;
				SWIFT_VERSION = 5.0;
				TARGETED_DEVICE_FAMILY = "1,2";
			};
			name = Release;
		};
/* End XCBuildConfiguration section */

/* Begin XCConfigurationList section */
		5BD9FD712AD4235C00EE70B7 /* Build configuration list for PBXProject "Weather" */ = {
			isa = XCConfigurationList;
			buildConfigurations = (
				5BD9FD882AD4235E00EE70B7 /* Debug */,
				5BD9FD892AD4235E00EE70B7 /* Release */,
			);
			defaultConfigurationIsVisible = 0;
			defaultConfigurationName = Release;
		};
		5BD9FD8A2AD4235E00EE70B7 /* Build configuration list for PBXNativeTarget "Weather" */ = {
			isa = XCConfigurationList;
			buildConfigurations = (
				5BD9FD8B2AD4235E00EE70B7 /* Debug */,
				5BD9FD8C2AD4235E00EE70B7 /* Release */,
			);
			defaultConfigurationIsVisible = 0;
			defaultConfigurationName = Release;
		};
/* End XCConfigurationList section */

/* Begin XCRemoteSwiftPackageReference section */
		5BCAA9462AD6502C0083AEC6 /* XCRemoteSwiftPackageReference "RxSwift" */ = {
			isa = XCRemoteSwiftPackageReference;
			repositoryURL = "https://github.com/ReactiveX/RxSwift.git";
			requirement = {
				kind = upToNextMajorVersion;
				minimumVersion = 6.0.0;
			};
		};
/* End XCRemoteSwiftPackageReference section */

/* Begin XCSwiftPackageProductDependency section */
		5BCAA9472AD6502C0083AEC6 /* RxCocoa */ = {
			isa = XCSwiftPackageProductDependency;
			package = 5BCAA9462AD6502C0083AEC6 /* XCRemoteSwiftPackageReference "RxSwift" */;
			productName = RxCocoa;
		};
		5BCAA9492AD6502C0083AEC6 /* RxSwift */ = {
			isa = XCSwiftPackageProductDependency;
			package = 5BCAA9462AD6502C0083AEC6 /* XCRemoteSwiftPackageReference "RxSwift" */;
			productName = RxSwift;
		};
/* End XCSwiftPackageProductDependency section */
	};
	rootObject = 5BD9FD6E2AD4235C00EE70B7 /* Project object */;
}
